{
  "name": "@yasnen/fvtt-tools",
  "version": "1.1.0",
  "lockfileVersion": 3,
  "requires": true,
  "packages": {
    "": {
      "name": "@yasnen/fvtt-tools",
      "version": "1.1.0",
      "license": "MIT",
      "bin": {
        "fvtt-tools": "bin/fvtt-tools.mjs"
      },
      "engines": {
        "node": ">=20"
      },
      "peerDependencies": {
        "@foundryvtt/foundryvtt-cli": ">=3.0.0"
      },
      "peerDependenciesMeta": {
        "@foundryvtt/foundryvtt-cli": {
          "optional": true
        }
      }
    }
  }
}
