{
  "name": "@yasnen/fvtt-tools",
  "version": "1.0.0",
  "lockfileVersion": 3,
  "requires": true,
  "packages": {
    "": {
      "name": "@yasnen/fvtt-tools",
      "version": "1.0.0",
      "license": "MIT",
      "bin": {
        "fvtt-tools": "bin/fvtt-tools.mjs"
      },
      "devDependencies": {
        "@yasnen/fvtt-tools": "github:Yasnen/fvtt-tools"
      },
      "engines": {
        "node": ">=20"
      },
      "peerDependencies": {
        "@foundryvtt/foundryvtt-cli": ">=3.0.0"
      },
      "peerDependenciesMeta": {
        "@foundryvtt/foundryvtt-cli": {
          "optional": true
        }
      }
    },
    "node_modules/@yasnen/fvtt-tools": {
      "version": "1.0.0",
      "resolved": "git+ssh://git@github.com/Yasnen/fvtt-tools.git#c659c09f915d03322ba4ce3c2b27deedce160fd1",
      "dev": true,
      "license": "MIT",
      "bin": {
        "fvtt-tools": "bin/fvtt-tools.mjs"
      },
      "engines": {
        "node": ">=20"
      },
      "peerDependencies": {
        "@foundryvtt/foundryvtt-cli": ">=3.0.0"
      },
      "peerDependenciesMeta": {
        "@foundryvtt/foundryvtt-cli": {
          "optional": true
        }
      }
    }
  }
}
